
Microsoft Visual Studio Solution File, Format Version 12.00
# Visual Studio 15
VisualStudioVersion = 15.0.27130.2036
MinimumVisualStudioVersion = 10.0.40219.1
Project("{FAE04EC0-301F-11D3-BF4B-00C04F79EFBC}") = "ICE", "ICE\ICE.csproj", "{3DB0401A-8C6D-481C-AEE9-0B69A304083A}"
EndProject
Global
	GlobalSection(SolutionConfigurationPlatforms) = preSolution
		Debug|Any CPU = Debug|Any CPU
		Release|Any CPU = Release|Any CPU
	EndGlobalSection
	GlobalSection(ProjectConfigurationPlatforms) = postSolution
		{3DB0401A-8C6D-481C-AEE9-0B69A304083A}.Debug|Any CPU.ActiveCfg = Debug|Any CPU
		{3DB0401A-8C6D-481C-AEE9-0B69A304083A}.Debug|Any CPU.Build.0 = Debug|Any CPU
		{3DB0401A-8C6D-481C-AEE9-0B69A304083A}.Release|Any CPU.ActiveCfg = Release|Any CPU
		{3DB0401A-8C6D-481C-AEE9-0B69A304083A}.Release|Any CPU.Build.0 = Release|Any CPU
	EndGlobalSection
	GlobalSection(SolutionProperties) = preSolution
		HideSolutionNode = FALSE
	EndGlobalSection
	GlobalSection(ExtensibilityGlobals) = postSolution
		SolutionGuid = {8DE58B0C-DD4A-49EB-ABB3-96DDB911EE25}
	EndGlobalSection
EndGlobal
